
Microsoft Visual Studio Solution File, Format Version 12.00
# Visual Studio Version 17
VisualStudioVersion = 17.14.36414.22 d17.14
MinimumVisualStudioVersion = 10.0.40219.1
Project("{54A90642-561A-4BB1-A94E-469ADEE60C69}") = "postagens.client", "postagens.client\postagens.client.esproj", "{BA1420BD-7E33-34D1-59EB-13301CC0C27B}"
EndProject
Project("{FAE04EC0-301F-11D3-BF4B-00C04F79EFBC}") = "Postagens.Server", "Postagens.Server\Postagens.Server.csproj", "{67A3F2E4-4244-492D-B68B-97900B8D92F2}"
EndProject
Global
	GlobalSection(SolutionConfigurationPlatforms) = preSolution
		Debug|Any CPU = Debug|Any CPU
		Release|Any CPU = Release|Any CPU
	EndGlobalSection
	GlobalSection(ProjectConfigurationPlatforms) = postSolution
		{BA1420BD-7E33-34D1-59EB-13301CC0C27B}.Debug|Any CPU.ActiveCfg = Debug|Any CPU
		{BA1420BD-7E33-34D1-59EB-13301CC0C27B}.Debug|Any CPU.Build.0 = Debug|Any CPU
		{BA1420BD-7E33-34D1-59EB-13301CC0C27B}.Debug|Any CPU.Deploy.0 = Debug|Any CPU
		{BA1420BD-7E33-34D1-59EB-13301CC0C27B}.Release|Any CPU.ActiveCfg = Release|Any CPU
		{BA1420BD-7E33-34D1-59EB-13301CC0C27B}.Release|Any CPU.Build.0 = Release|Any CPU
		{BA1420BD-7E33-34D1-59EB-13301CC0C27B}.Release|Any CPU.Deploy.0 = Release|Any CPU
		{67A3F2E4-4244-492D-B68B-97900B8D92F2}.Debug|Any CPU.ActiveCfg = Debug|Any CPU
		{67A3F2E4-4244-492D-B68B-97900B8D92F2}.Debug|Any CPU.Build.0 = Debug|Any CPU
		{67A3F2E4-4244-492D-B68B-97900B8D92F2}.Release|Any CPU.ActiveCfg = Release|Any CPU
		{67A3F2E4-4244-492D-B68B-97900B8D92F2}.Release|Any CPU.Build.0 = Release|Any CPU
	EndGlobalSection
	GlobalSection(SolutionProperties) = preSolution
		HideSolutionNode = FALSE
	EndGlobalSection
	GlobalSection(ExtensibilityGlobals) = postSolution
		SolutionGuid = {3C2B41A1-3B63-463A-BB30-12DF82F62C37}
	EndGlobalSection
EndGlobal
